
Microsoft Visual Studio Solution File, Format Version 12.00
# Visual Studio Version 17
VisualStudioVersion = 17.10.35004.147
MinimumVisualStudioVersion = 10.0.40219.1
Project("{FAE04EC0-301F-11D3-BF4B-00C04F79EFBC}") = "Projeto de Extensão", "Projeto de Extensão.csproj", "{88739173-324F-495A-9D8A-1519805F6BA9}"
EndProject
Global
	GlobalSection(SolutionConfigurationPlatforms) = preSolution
		Debug|Any CPU = Debug|Any CPU
		Release|Any CPU = Release|Any CPU
	EndGlobalSection
	GlobalSection(ProjectConfigurationPlatforms) = postSolution
		{88739173-324F-495A-9D8A-1519805F6BA9}.Debug|Any CPU.ActiveCfg = Debug|Any CPU
		{88739173-324F-495A-9D8A-1519805F6BA9}.Debug|Any CPU.Build.0 = Debug|Any CPU
		{88739173-324F-495A-9D8A-1519805F6BA9}.Release|Any CPU.ActiveCfg = Release|Any CPU
		{88739173-324F-495A-9D8A-1519805F6BA9}.Release|Any CPU.Build.0 = Release|Any CPU
	EndGlobalSection
	GlobalSection(SolutionProperties) = preSolution
		HideSolutionNode = FALSE
	EndGlobalSection
	GlobalSection(ExtensibilityGlobals) = postSolution
		SolutionGuid = {DCE329CC-B7A7-4EB3-A26D-F2563B22A7AE}
	EndGlobalSection
EndGlobal
